// !$*UTF8*$!
{
	archiveVersion = 1;
	classes = {
	};
	objectVersion = 48;
	objects = {

/* Begin PBXBuildFile section */
		1100E93A1F94463D00FBA198 /* train-large.png in Resources */ = {isa = PBXBuildFile; fileRef = 1100E9391F94463C00FBA198 /* train-large.png */; };
		1100E93C1F94465100FBA198 /* train2.jpg in Resources */ = {isa = PBXBuildFile; fileRef = 1100E93B1F94465100FBA198 /* train2.jpg */; };
		1175FA7A1F9115D100910F98 /* AppDelegate.swift in Sources */ = {isa = PBXBuildFile; fileRef = 1175FA791F9115D100910F98 /* AppDelegate.swift */; };
		1175FA7C1F9115D100910F98 /* ViewController.swift in Sources */ = {isa = PBXBuildFile; fileRef = 1175FA7B1F9115D100910F98 /* ViewController.swift */; };
		1175FA7F1F9115D100910F98 /* Main.storyboard in Resources */ = {isa = PBXBuildFile; fileRef = 1175FA7D1F9115D100910F98 /* Main.storyboard */; };
		1175FA811F9115D100910F98 /* Assets.xcassets in Resources */ = {isa = PBXBuildFile; fileRef = 1175FA801F9115D100910F98 /* Assets.xcassets */; };
		1175FA841F9115D100910F98 /* LaunchScreen.storyboard in Resources */ = {isa = PBXBuildFile; fileRef = 1175FA821F9115D100910F98 /* LaunchScreen.storyboard */; };
		1175FA8F1F9115D100910F98 /* FirstAppTests.swift in Sources */ = {isa = PBXBuildFile; fileRef = 1175FA8E1F9115D100910F98 /* FirstAppTests.swift */; };
		1175FA9A1F9115D200910F98 /* FirstAppUITests.swift in Sources */ = {isa = PBXBuildFile; fileRef = 1175FA991F9115D200910F98 /* FirstAppUITests.swift */; };
		1175FAA81F911ABC00910F98 /* MapView.swift in Sources */ = {isa = PBXBuildFile; fileRef = 1175FAA71F911ABC00910F98 /* MapView.swift */; };
/* End PBXBuildFile section */

/* Begin PBXContainerItemProxy section */
		1175FA8B1F9115D100910F98 /* PBXContainerItemProxy */ = {
			isa = PBXContainerItemProxy;
			containerPortal = 1175FA6E1F9115D100910F98 /* Project object */;
			proxyType = 1;
			remoteGlobalIDString = 1175FA751F9115D100910F98;
			remoteInfo = FirstApp;
		};
		1175FA961F9115D200910F98 /* PBXContainerItemProxy */ = {
			isa = PBXContainerItemProxy;
			containerPortal = 1175FA6E1F9115D100910F98 /* Project object */;
			proxyType = 1;
			remoteGlobalIDString = 1175FA751F9115D100910F98;
			remoteInfo = FirstApp;
		};
/* End PBXContainerItemProxy section */

/* Begin PBXFileReference section */
		1100E9391F94463C00FBA198 /* train-large.png */ = {isa = PBXFileReference; lastKnownFileType = image.png; path = "train-large.png"; sourceTree = SOURCE_ROOT; };
		1100E93B1F94465100FBA198 /* train2.jpg */ = {isa = PBXFileReference; lastKnownFileType = image.jpeg; path = train2.jpg; sourceTree = SOURCE_ROOT; };
		1175FA761F9115D100910F98 /* FirstApp.app */ = {isa = PBXFileReference; explicitFileType = wrapper.application; includeInIndex = 0; path = FirstApp.app; sourceTree = BUILT_PRODUCTS_DIR; };
		1175FA791F9115D100910F98 /* AppDelegate.swift */ = {isa = PBXFileReference; lastKnownFileType = sourcecode.swift; path = AppDelegate.swift; sourceTree = "<group>"; };
		1175FA7B1F9115D100910F98 /* ViewController.swift */ = {isa = PBXFileReference; lastKnownFileType = sourcecode.swift; path = ViewController.swift; sourceTree = "<group>"; };
		1175FA7E1F9115D100910F98 /* Base */ = {isa = PBXFileReference; lastKnownFileType = file.storyboard; name = Base; path = Base.lproj/Main.storyboard; sourceTree = "<group>"; };
		1175FA801F9115D100910F98 /* Assets.xcassets */ = {isa = PBXFileReference; lastKnownFileType = folder.assetcatalog; path = Assets.xcassets; sourceTree = "<group>"; };
		1175FA831F9115D100910F98 /* Base */ = {isa = PBXFileReference; lastKnownFileType = file.storyboard; name = Base; path = Base.lproj/LaunchScreen.storyboard; sourceTree = "<group>"; };
		1175FA851F9115D100910F98 /* Info.plist */ = {isa = PBXFileReference; lastKnownFileType = text.plist.xml; path = Info.plist; sourceTree = "<group>"; };
		1175FA8A1F9115D100910F98 /* FirstAppTests.xctest */ = {isa = PBXFileReference; explicitFileType = wrapper.cfbundle; includeInIndex = 0; path = FirstAppTests.xctest; sourceTree = BUILT_PRODUCTS_DIR; };
		1175FA8E1F9115D100910F98 /* FirstAppTests.swift */ = {isa = PBXFileReference; lastKnownFileType = sourcecode.swift; path = FirstAppTests.swift; sourceTree = "<group>"; };
		1175FA901F9115D100910F98 /* Info.plist */ = {isa = PBXFileReference; lastKnownFileType = text.plist.xml; path = Info.plist; sourceTree = "<group>"; };
		1175FA951F9115D200910F98 /* FirstAppUITests.xctest */ = {isa = PBXFileReference; explicitFileType = wrapper.cfbundle; includeInIndex = 0; path = FirstAppUITests.xctest; sourceTree = BUILT_PRODUCTS_DIR; };
		1175FA991F9115D200910F98 /* FirstAppUITests.swift */ = {isa = PBXFileReference; lastKnownFileType = sourcecode.swift; path = FirstAppUITests.swift; sourceTree = "<group>"; };
		1175FA9B1F9115D200910F98 /* Info.plist */ = {isa = PBXFileReference; lastKnownFileType = text.plist.xml; path = Info.plist; sourceTree = "<group>"; };
		1175FAA71F911ABC00910F98 /* MapView.swift */ = {isa = PBXFileReference; lastKnownFileType = sourcecode.swift; path = MapView.swift; sourceTree = "<group>"; };
/* End PBXFileReference section */

/* Begin PBXFrameworksBuildPhase section */
		1175FA731F9115D100910F98 /* Frameworks */ = {
			isa = PBXFrameworksBuildPhase;
			buildActionMask = 2147483647;
			files = (
			);
			runOnlyForDeploymentPostprocessing = 0;
		};
		1175FA871F9115D100910F98 /* Frameworks */ = {
			isa = PBXFrameworksBuildPhase;
			buildActionMask = 2147483647;
			files = (
			);
			runOnlyForDeploymentPostprocessing = 0;
		};
		1175FA921F9115D200910F98 /* Frameworks */ = {
			isa = PBXFrameworksBuildPhase;
			buildActionMask = 2147483647;
			files = (
			);
			runOnlyForDeploymentPostprocessing = 0;
		};
/* End PBXFrameworksBuildPhase section */

/* Begin PBXGroup section */
		1175FA6D1F9115D100910F98 = {
			isa = PBXGroup;
			children = (
				1175FA781F9115D100910F98 /* FirstApp */,
				1175FA8D1F9115D100910F98 /* FirstAppTests */,
				1175FA981F9115D200910F98 /* FirstAppUITests */,
				1175FA771F9115D100910F98 /* Products */,
			);
			sourceTree = "<group>";
		};
		1175FA771F9115D100910F98 /* Products */ = {
			isa = PBXGroup;
			children = (
				1175FA761F9115D100910F98 /* FirstApp.app */,
				1175FA8A1F9115D100910F98 /* FirstAppTests.xctest */,
				1175FA951F9115D200910F98 /* FirstAppUITests.xctest */,
			);
			name = Products;
			sourceTree = "<group>";
		};
		1175FA781F9115D100910F98 /* FirstApp */ = {
			isa = PBXGroup;
			children = (
				1100E93B1F94465100FBA198 /* train2.jpg */,
				1100E9391F94463C00FBA198 /* train-large.png */,
				1175FA791F9115D100910F98 /* AppDelegate.swift */,
				1175FA7B1F9115D100910F98 /* ViewController.swift */,
				1175FA7D1F9115D100910F98 /* Main.storyboard */,
				1175FA801F9115D100910F98 /* Assets.xcassets */,
				1175FA821F9115D100910F98 /* LaunchScreen.storyboard */,
				1175FA851F9115D100910F98 /* Info.plist */,
				1175FAA71F911ABC00910F98 /* MapView.swift */,
			);
			path = FirstApp;
			sourceTree = "<group>";
		};
		1175FA8D1F9115D100910F98 /* FirstAppTests */ = {
			isa = PBXGroup;
			children = (
				1175FA8E1F9115D100910F98 /* FirstAppTests.swift */,
				1175FA901F9115D100910F98 /* Info.plist */,
			);
			path = FirstAppTests;
			sourceTree = "<group>";
		};
		1175FA981F9115D200910F98 /* FirstAppUITests */ = {
			isa = PBXGroup;
			children = (
				1175FA991F9115D200910F98 /* FirstAppUITests.swift */,
				1175FA9B1F9115D200910F98 /* Info.plist */,
			);
			path = FirstAppUITests;
			sourceTree = "<group>";
		};
/* End PBXGroup section */

/* Begin PBXNativeTarget section */
		1175FA751F9115D100910F98 /* FirstApp */ = {
			isa = PBXNativeTarget;
			buildConfigurationList = 1175FA9E1F9115D200910F98 /* Build configuration list for PBXNativeTarget "FirstApp" */;
			buildPhases = (
				1175FA721F9115D100910F98 /* Sources */,
				1175FA731F9115D100910F98 /* Frameworks */,
				1175FA741F9115D100910F98 /* Resources */,
			);
			buildRules = (
			);
			dependencies = (
			);
			name = FirstApp;
			productName = FirstApp;
			productReference = 1175FA761F9115D100910F98 /* FirstApp.app */;
			productType = "com.apple.product-type.application";
		};
		1175FA891F9115D100910F98 /* FirstAppTests */ = {
			isa = PBXNativeTarget;
			buildConfigurationList = 1175FAA11F9115D200910F98 /* Build configuration list for PBXNativeTarget "FirstAppTests" */;
			buildPhases = (
				1175FA861F9115D100910F98 /* Sources */,
				1175FA871F9115D100910F98 /* Frameworks */,
				1175FA881F9115D100910F98 /* Resources */,
			);
			buildRules = (
			);
			dependencies = (
				1175FA8C1F9115D100910F98 /* PBXTargetDependency */,
			);
			name = FirstAppTests;
			productName = FirstAppTests;
			productReference = 1175FA8A1F9115D100910F98 /* FirstAppTests.xctest */;
			productType = "com.apple.product-type.bundle.unit-test";
		};
		1175FA941F9115D200910F98 /* FirstAppUITests */ = {
			isa = PBXNativeTarget;
			buildConfigurationList = 1175FAA41F9115D200910F98 /* Build configuration list for PBXNativeTarget "FirstAppUITests" */;
			buildPhases = (
				1175FA911F9115D200910F98 /* Sources */,
				1175FA921F9115D200910F98 /* Frameworks */,
				1175FA931F9115D200910F98 /* Resources */,
			);
			buildRules = (
			);
			dependencies = (
				1175FA971F9115D200910F98 /* PBXTargetDependency */,
			);
			name = FirstAppUITests;
			productName = FirstAppUITests;
			productReference = 1175FA951F9115D200910F98 /* FirstAppUITests.xctest */;
			productType = "com.apple.product-type.bundle.ui-testing";
		};
/* End PBXNativeTarget section */

/* Begin PBXProject section */
		1175FA6E1F9115D100910F98 /* Project object */ = {
			isa = PBXProject;
			attributes = {
				LastSwiftUpdateCheck = 0910;
				LastUpgradeCheck = 0910;
				ORGANIZATIONNAME = Janice;
				TargetAttributes = {
					1175FA751F9115D100910F98 = {
						CreatedOnToolsVersion = 9.1;
						ProvisioningStyle = Automatic;
					};
					1175FA891F9115D100910F98 = {
						CreatedOnToolsVersion = 9.1;
						ProvisioningStyle = Automatic;
						TestTargetID = 1175FA751F9115D100910F98;
					};
					1175FA941F9115D200910F98 = {
						CreatedOnToolsVersion = 9.1;
						ProvisioningStyle = Automatic;
						TestTargetID = 1175FA751F9115D100910F98;
					};
				};
			};
			buildConfigurationList = 1175FA711F9115D100910F98 /* Build configuration list for PBXProject "FirstApp" */;
			compatibilityVersion = "Xcode 8.0";
			developmentRegion = en;
			hasScannedForEncodings = 0;
			knownRegions = (
				en,
				Base,
			);
			mainGroup = 1175FA6D1F9115D100910F98;
			productRefGroup = 1175FA771F9115D100910F98 /* Products */;
			projectDirPath = "";
			projectRoot = "";
			targets = (
				1175FA751F9115D100910F98 /* FirstApp */,
				1175FA891F9115D100910F98 /* FirstAppTests */,
				1175FA941F9115D200910F98 /* FirstAppUITests */,
			);
		};
/* End PBXProject section */

/* Begin PBXResourcesBuildPhase section */
		1175FA741F9115D100910F98 /* Resources */ = {
			isa = PBXResourcesBuildPhase;
			buildActionMask = 2147483647;
			files = (
				1100E93A1F94463D00FBA198 /* train-large.png in Resources */,
				1175FA841F9115D100910F98 /* LaunchScreen.storyboard in Resources */,
				1100E93C1F94465100FBA198 /* train2.jpg in Resources */,
				1175FA811F9115D100910F98 /* Assets.xcassets in Resources */,
				1175FA7F1F9115D100910F98 /* Main.storyboard in Resources */,
			);
			runOnlyForDeploymentPostprocessing = 0;
		};
		1175FA881F9115D100910F98 /* Resources */ = {
			isa = PBXResourcesBuildPhase;
			buildActionMask = 2147483647;
			files = (
			);
			runOnlyForDeploymentPostprocessing = 0;
		};
		1175FA931F9115D200910F98 /* Resources */ = {
			isa = PBXResourcesBuildPhase;
			buildActionMask = 2147483647;
			files = (
			);
			runOnlyForDeploymentPostprocessing = 0;
		};
/* End PBXResourcesBuildPhase section */

/* Begin PBXSourcesBuildPhase section */
		1175FA721F9115D100910F98 /* Sources */ = {
			isa = PBXSourcesBuildPhase;
			buildActionMask = 2147483647;
			files = (
				1175FA7C1F9115D100910F98 /* ViewController.swift in Sources */,
				1175FAA81F911ABC00910F98 /* MapView.swift in Sources */,
				1175FA7A1F9115D100910F98 /* AppDelegate.swift in Sources */,
			);
			runOnlyForDeploymentPostprocessing = 0;
		};
		1175FA861F9115D100910F98 /* Sources */ = {
			isa = PBXSourcesBuildPhase;
			buildActionMask = 2147483647;
			files = (
				1175FA8F1F9115D100910F98 /* FirstAppTests.swift in Sources */,
			);
			runOnlyForDeploymentPostprocessing = 0;
		};
		1175FA911F9115D200910F98 /* Sources */ = {
			isa = PBXSourcesBuildPhase;
			buildActionMask = 2147483647;
			files = (
				1175FA9A1F9115D200910F98 /* FirstAppUITests.swift in Sources */,
			);
			runOnlyForDeploymentPostprocessing = 0;
		};
/* End PBXSourcesBuildPhase section */

/* Begin PBXTargetDependency section */
		1175FA8C1F9115D100910F98 /* PBXTargetDependency */ = {
			isa = PBXTargetDependency;
			target = 1175FA751F9115D100910F98 /* FirstApp */;
			targetProxy = 1175FA8B1F9115D100910F98 /* PBXContainerItemProxy */;
		};
		1175FA971F9115D200910F98 /* PBXTargetDependency */ = {
			isa = PBXTargetDependency;
			target = 1175FA751F9115D100910F98 /* FirstApp */;
			targetProxy = 1175FA961F9115D200910F98 /* PBXContainerItemProxy */;
		};
/* End PBXTargetDependency section */

/* Begin PBXVariantGroup section */
		1175FA7D1F9115D100910F98 /* Main.storyboard */ = {
			isa = PBXVariantGroup;
			children = (
				1175FA7E1F9115D100910F98 /* Base */,
			);
			name = Main.storyboard;
			sourceTree = "<group>";
		};
		1175FA821F9115D100910F98 /* LaunchScreen.storyboard */ = {
			isa = PBXVariantGroup;
			children = (
				1175FA831F9115D100910F98 /* Base */,
			);
			name = LaunchScreen.storyboard;
			sourceTree = "<group>";
		};
/* End PBXVariantGroup section */

/* Begin XCBuildConfiguration section */
		1175FA9C1F9115D200910F98 /* Debug */ = {
			isa = XCBuildConfiguration;
			buildSettings = {
				ALWAYS_SEARCH_USER_PATHS = NO;
				CLANG_ANALYZER_NONNULL = YES;
				CLANG_ANALYZER_NUMBER_OBJECT_CONVERSION = YES_AGGRESSIVE;
				CLANG_CXX_LANGUAGE_STANDARD = "gnu++14";
				CLANG_CXX_LIBRARY = "libc++";
				CLANG_ENABLE_MODULES = YES;
				CLANG_ENABLE_OBJC_ARC = YES;
				CLANG_WARN_BLOCK_CAPTURE_AUTORELEASING = YES;
				CLANG_WARN_BOOL_CONVERSION = YES;
				CLANG_WARN_COMMA = YES;
				CLANG_WARN_CONSTANT_CONVERSION = YES;
				CLANG_WARN_DIRECT_OBJC_ISA_USAGE = YES_ERROR;
				CLANG_WARN_DOCUMENTATION_COMMENTS = YES;
				CLANG_WARN_EMPTY_BODY = YES;
				CLANG_WARN_ENUM_CONVERSION = YES;
				CLANG_WARN_INFINITE_RECURSION = YES;
				CLANG_WARN_INT_CONVERSION = YES;
				CLANG_WARN_NON_LITERAL_NULL_CONVERSION = YES;
				CLANG_WARN_OBJC_LITERAL_CONVERSION = YES;
				CLANG_WARN_OBJC_ROOT_CLASS = YES_ERROR;
				CLANG_WARN_RANGE_LOOP_ANALYSIS = YES;
				CLANG_WARN_STRICT_PROTOTYPES = YES;
				CLANG_WARN_SUSPICIOUS_MOVE = YES;
				CLANG_WARN_UNGUARDED_AVAILABILITY = YES_AGGRESSIVE;
				CLANG_WARN_UNREACHABLE_CODE = YES;
				CLANG_WARN__DUPLICATE_METHOD_MATCH = YES;
				CODE_SIGN_IDENTITY = "iPhone Developer";
				COPY_PHASE_STRIP = NO;
				DEBUG_INFORMATION_FORMAT = dwarf;
				ENABLE_STRICT_OBJC_MSGSEND = YES;
				ENABLE_TESTABILITY = YES;
				GCC_C_LANGUAGE_STANDARD = gnu11;
				GCC_DYNAMIC_NO_PIC = NO;
				GCC_NO_COMMON_BLOCKS = YES;
				GCC_OPTIMIZATION_LEVEL = 0;
				GCC_PREPROCESSOR_DEFINITIONS = (
					"DEBUG=1",
					"$(inherited)",
				);
				GCC_WARN_64_TO_32_BIT_CONVERSION = YES;
				GCC_WARN_ABOUT_RETURN_TYPE = YES_ERROR;
				GCC_WARN_UNDECLARED_SELECTOR = YES;
				GCC_WARN_UNINITIALIZED_AUTOS = YES_AGGRESSIVE;
				GCC_WARN_UNUSED_FUNCTION = YES;
				GCC_WARN_UNUSED_VARIABLE = YES;
				IPHONEOS_DEPLOYMENT_TARGET = 11.1;
				MTL_ENABLE_DEBUG_INFO = YES;
				ONLY_ACTIVE_ARCH = YES;
				SDKROOT = iphoneos;
				SWIFT_ACTIVE_COMPILATION_CONDITIONS = DEBUG;
				SWIFT_OPTIMIZATION_LEVEL = "-Onone";
			};
			name = Debug;
		};
		1175FA9D1F9115D200910F98 /* Release */ = {
			isa = XCBuildConfiguration;
			buildSettings = {
				ALWAYS_SEARCH_USER_PATHS = NO;
				CLANG_ANALYZER_NONNULL = YES;
				CLANG_ANALYZER_NUMBER_OBJECT_CONVERSION = YES_AGGRESSIVE;
				CLANG_CXX_LANGUAGE_STANDARD = "gnu++14";
				CLANG_CXX_LIBRARY = "libc++";
				CLANG_ENABLE_MODULES = YES;
				CLANG_ENABLE_OBJC_ARC = YES;
				CLANG_WARN_BLOCK_CAPTURE_AUTORELEASING = YES;
				CLANG_WARN_BOOL_CONVERSION = YES;
				CLANG_WARN_COMMA = YES;
				CLANG_WARN_CONSTANT_CONVERSION = YES;
				CLANG_WARN_DIRECT_OBJC_ISA_USAGE = YES_ERROR;
				CLANG_WARN_DOCUMENTATION_COMMENTS = YES;
				CLANG_WARN_EMPTY_BODY = YES;
				CLANG_WARN_ENUM_CONVERSION = YES;
				CLANG_WARN_INFINITE_RECURSION = YES;
				CLANG_WARN_INT_CONVERSION = YES;
				CLANG_WARN_NON_LITERAL_NULL_CONVERSION = YES;
				CLANG_WARN_OBJC_LITERAL_CONVERSION = YES;
				CLANG_WARN_OBJC_ROOT_CLASS = YES_ERROR;
				CLANG_WARN_RANGE_LOOP_ANALYSIS = YES;
				CLANG_WARN_STRICT_PROTOTYPES = YES;
				CLANG_WARN_SUSPICIOUS_MOVE = YES;
				CLANG_WARN_UNGUARDED_AVAILABILITY = YES_AGGRESSIVE;
				CLANG_WARN_UNREACHABLE_CODE = YES;
				CLANG_WARN__DUPLICATE_METHOD_MATCH = YES;
				CODE_SIGN_IDENTITY = "iPhone Developer";
				COPY_PHASE_STRIP = NO;
				DEBUG_INFORMATION_FORMAT = "dwarf-with-dsym";
				ENABLE_NS_ASSERTIONS = NO;
				ENABLE_STRICT_OBJC_MSGSEND = YES;
				GCC_C_LANGUAGE_STANDARD = gnu11;
				GCC_NO_COMMON_BLOCKS = YES;
				GCC_WARN_64_TO_32_BIT_CONVERSION = YES;
				GCC_WARN_ABOUT_RETURN_TYPE = YES_ERROR;
				GCC_WARN_UNDECLARED_SELECTOR = YES;
				GCC_WARN_UNINITIALIZED_AUTOS = YES_AGGRESSIVE;
				GCC_WARN_UNUSED_FUNCTION = YES;
				GCC_WARN_UNUSED_VARIABLE = YES;
				IPHONEOS_DEPLOYMENT_TARGET = 11.1;
				MTL_ENABLE_DEBUG_INFO = NO;
				SDKROOT = iphoneos;
				SWIFT_OPTIMIZATION_LEVEL = "-Owholemodule";
				VALIDATE_PRODUCT = YES;
			};
			name = Release;
		};
		1175FA9F1F9115D200910F98 /* Debug */ = {
			isa = XCBuildConfiguration;
			buildSettings = {
				ASSETCATALOG_COMPILER_APPICON_NAME = AppIcon;
				CODE_SIGN_STYLE = Automatic;
				INFOPLIST_FILE = FirstApp/Info.plist;
				LD_RUNPATH_SEARCH_PATHS = "$(inherited) @executable_path/Frameworks";
				PRODUCT_BUNDLE_IDENTIFIER = com.ibm.FirstApp;
				PRODUCT_NAME = "$(TARGET_NAME)";
				SWIFT_VERSION = 4.0;
				TARGETED_DEVICE_FAMILY = "1,2";
			};
			name = Debug;
		};
		1175FAA01F9115D200910F98 /* Release */ = {
			isa = XCBuildConfiguration;
			buildSettings = {
				ASSETCATALOG_COMPILER_APPICON_NAME = AppIcon;
				CODE_SIGN_STYLE = Automatic;
				INFOPLIST_FILE = FirstApp/Info.plist;
				LD_RUNPATH_SEARCH_PATHS = "$(inherited) @executable_path/Frameworks";
				PRODUCT_BUNDLE_IDENTIFIER = com.ibm.FirstApp;
				PRODUCT_NAME = "$(TARGET_NAME)";
				SWIFT_VERSION = 4.0;
				TARGETED_DEVICE_FAMILY = "1,2";
			};
			name = Release;
		};
		1175FAA21F9115D200910F98 /* Debug */ = {
			isa = XCBuildConfiguration;
			buildSettings = {
				ALWAYS_EMBED_SWIFT_STANDARD_LIBRARIES = YES;
				BUNDLE_LOADER = "$(TEST_HOST)";
				CODE_SIGN_STYLE = Automatic;
				INFOPLIST_FILE = FirstAppTests/Info.plist;
				LD_RUNPATH_SEARCH_PATHS = "$(inherited) @executable_path/Frameworks @loader_path/Frameworks";
				PRODUCT_BUNDLE_IDENTIFIER = com.ibm.FirstAppTests;
				PRODUCT_NAME = "$(TARGET_NAME)";
				SWIFT_VERSION = 4.0;
				TARGETED_DEVICE_FAMILY = "1,2";
				TEST_HOST = "$(BUILT_PRODUCTS_DIR)/FirstApp.app/FirstApp";
			};
			name = Debug;
		};
		1175FAA31F9115D200910F98 /* Release */ = {
			isa = XCBuildConfiguration;
			buildSettings = {
				ALWAYS_EMBED_SWIFT_STANDARD_LIBRARIES = YES;
				BUNDLE_LOADER = "$(TEST_HOST)";
				CODE_SIGN_STYLE = Automatic;
				INFOPLIST_FILE = FirstAppTests/Info.plist;
				LD_RUNPATH_SEARCH_PATHS = "$(inherited) @executable_path/Frameworks @loader_path/Frameworks";
				PRODUCT_BUNDLE_IDENTIFIER = com.ibm.FirstAppTests;
				PRODUCT_NAME = "$(TARGET_NAME)";
				SWIFT_VERSION = 4.0;
				TARGETED_DEVICE_FAMILY = "1,2";
				TEST_HOST = "$(BUILT_PRODUCTS_DIR)/FirstApp.app/FirstApp";
			};
			name = Release;
		};
		1175FAA51F9115D200910F98 /* Debug */ = {
			isa = XCBuildConfiguration;
			buildSettings = {
				ALWAYS_EMBED_SWIFT_STANDARD_LIBRARIES = YES;
				CODE_SIGN_STYLE = Automatic;
				INFOPLIST_FILE = FirstAppUITests/Info.plist;
				LD_RUNPATH_SEARCH_PATHS = "$(inherited) @executable_path/Frameworks @loader_path/Frameworks";
				PRODUCT_BUNDLE_IDENTIFIER = com.ibm.FirstAppUITests;
				PRODUCT_NAME = "$(TARGET_NAME)";
				SWIFT_VERSION = 4.0;
				TARGETED_DEVICE_FAMILY = "1,2";
				TEST_TARGET_NAME = FirstApp;
			};
			name = Debug;
		};
		1175FAA61F9115D200910F98 /* Release */ = {
			isa = XCBuildConfiguration;
			buildSettings = {
				ALWAYS_EMBED_SWIFT_STANDARD_LIBRARIES = YES;
				CODE_SIGN_STYLE = Automatic;
				INFOPLIST_FILE = FirstAppUITests/Info.plist;
				LD_RUNPATH_SEARCH_PATHS = "$(inherited) @executable_path/Frameworks @loader_path/Frameworks";
				PRODUCT_BUNDLE_IDENTIFIER = com.ibm.FirstAppUITests;
				PRODUCT_NAME = "$(TARGET_NAME)";
				SWIFT_VERSION = 4.0;
				TARGETED_DEVICE_FAMILY = "1,2";
				TEST_TARGET_NAME = FirstApp;
			};
			name = Release;
		};
/* End XCBuildConfiguration section */

/* Begin XCConfigurationList section */
		1175FA711F9115D100910F98 /* Build configuration list for PBXProject "FirstApp" */ = {
			isa = XCConfigurationList;
			buildConfigurations = (
				1175FA9C1F9115D200910F98 /* Debug */,
				1175FA9D1F9115D200910F98 /* Release */,
			);
			defaultConfigurationIsVisible = 0;
			defaultConfigurationName = Release;
		};
		1175FA9E1F9115D200910F98 /* Build configuration list for PBXNativeTarget "FirstApp" */ = {
			isa = XCConfigurationList;
			buildConfigurations = (
				1175FA9F1F9115D200910F98 /* Debug */,
				1175FAA01F9115D200910F98 /* Release */,
			);
			defaultConfigurationIsVisible = 0;
			defaultConfigurationName = Release;
		};
		1175FAA11F9115D200910F98 /* Build configuration list for PBXNativeTarget "FirstAppTests" */ = {
			isa = XCConfigurationList;
			buildConfigurations = (
				1175FAA21F9115D200910F98 /* Debug */,
				1175FAA31F9115D200910F98 /* Release */,
			);
			defaultConfigurationIsVisible = 0;
			defaultConfigurationName = Release;
		};
		1175FAA41F9115D200910F98 /* Build configuration list for PBXNativeTarget "FirstAppUITests" */ = {
			isa = XCConfigurationList;
			buildConfigurations = (
				1175FAA51F9115D200910F98 /* Debug */,
				1175FAA61F9115D200910F98 /* Release */,
			);
			defaultConfigurationIsVisible = 0;
			defaultConfigurationName = Release;
		};
/* End XCConfigurationList section */
	};
	rootObject = 1175FA6E1F9115D100910F98 /* Project object */;
}
